<?xml version="1.0" encoding="utf-8"?>
<Project ToolsVersion="4.0" xmlns="http://schemas.microsoft.com/developer/msbuild/2003">
  <ItemGroup>
    <Filter Include="system">
      <UniqueIdentifier>{22dd8095-74f9-46df-81a1-36675a040b1f}</UniqueIdentifier>
    </Filter>
    <Filter Include="FloorAndWall">
      <UniqueIdentifier>{d7b60bdb-d9df-40a8-8cf6-dbaa833eaabd}</UniqueIdentifier>
    </Filter>
    <Filter Include="UIs">
      <UniqueIdentifier>{52c72a52-e364-4905-99f1-f1e514dc8e9d}</UniqueIdentifier>
    </Filter>
  </ItemGroup>
  <ItemGroup>
    <ClCompile Include="stdafx.cpp" />
    <ClCompile Include="main.cpp" />
    <ClCompile Include="system\system.cpp">
      <Filter>system</Filter>
    </ClCompile>
    <ClCompile Include="Game.cpp" />
    <ClCompile Include="Enemy.cpp" />
    <ClCompile Include="Player.cpp" />
    <ClCompile Include="Gun.cpp" />
    <ClCompile Include="Floor.cpp">
      <Filter>FloorAndWall</Filter>
    </ClCompile>
    <ClCompile Include="Wall.cpp">
      <Filter>FloorAndWall</Filter>
    </ClCompile>
    <ClCompile Include="Tree.cpp">
      <Filter>FloorAndWall</Filter>
    </ClCompile>
    <ClCompile Include="EnemyGenerator.cpp" />
    <ClCompile Include="Bullet.cpp" />
    <ClCompile Include="GunUI.cpp">
      <Filter>UIs</Filter>
    </ClCompile>
    <ClCompile Include="HPUI.cpp">
      <Filter>UIs</Filter>
    </ClCompile>
    <ClCompile Include="HP.cpp">
      <Filter>UIs</Filter>
    </ClCompile>
    <ClCompile Include="Title.cpp">
      <Filter>UIs</Filter>
    </ClCompile>
    <ClCompile Include="Score.cpp" />
    <ClCompile Include="Fade.cpp" />
  </ItemGroup>
  <ItemGroup>
    <ClInclude Include="system\system.h">
      <Filter>system</Filter>
    </ClInclude>
    <ClInclude Include="Game.h" />
    <ClInclude Include="Enemy.h" />
    <ClInclude Include="Player.h" />
    <ClInclude Include="resource.h" />
    <ClInclude Include="Floor.h">
      <Filter>FloorAndWall</Filter>
    </ClInclude>
    <ClInclude Include="Wall.h">
      <Filter>FloorAndWall</Filter>
    </ClInclude>
    <ClInclude Include="Tree.h">
      <Filter>FloorAndWall</Filter>
    </ClInclude>
    <ClInclude Include="EnemyGenerator.h" />
    <ClInclude Include="Bullet.h" />
    <ClInclude Include="Gun.h" />
    <ClInclude Include="GunUI.h">
      <Filter>UIs</Filter>
    </ClInclude>
    <ClInclude Include="HPUI.h">
      <Filter>UIs</Filter>
    </ClInclude>
    <ClInclude Include="HP.h">
      <Filter>UIs</Filter>
    </ClInclude>
    <ClInclude Include="stdafx.h" />
    <ClInclude Include="Title.h">
      <Filter>UIs</Filter>
    </ClInclude>
    <ClInclude Include="Score.h" />
    <ClInclude Include="Fade.h" />
  </ItemGroup>
</Project>